<?xml version="1.0" encoding="UTF-8" standalone="yes" ?>
<CodeBlocks_project_file>
   <FileVersion major="1" minor="6" />
   <Project>
      <Option title="VISU" />
      <Option makefile_is_custom="1" />
      <Option compiler="gcc" />
      <Option virtualFolders="CMake Files\;" />
      <Build>
      <Target title="all">
         <Option working_dir="/home/loic/OPENGL" />
         <Option type="4" />
         <MakeCommands>
            <Build command="/usr/bin/make -f &quot;/home/loic/OPENGL/Makefile&quot;  VERBOSE=1 all" />
            <CompileFile command="/usr/bin/make -f &quot;/home/loic/OPENGL/Makefile&quot;  VERBOSE=1 &quot;$file&quot;" />
            <Clean command="/usr/bin/make -f &quot;/home/loic/OPENGL/Makefile&quot;  VERBOSE=1 clean" />
            <DistClean command="/usr/bin/make -f &quot;/home/loic/OPENGL/Makefile&quot;  VERBOSE=1 clean" />
         </MakeCommands>
      </Target>
      <Target title="rebuild_cache">
         <Option working_dir="/home/loic/OPENGL" />
         <Option type="4" />
         <MakeCommands>
            <Build command="/usr/bin/make -f &quot;/home/loic/OPENGL/Makefile&quot;  VERBOSE=1 rebuild_cache" />
            <CompileFile command="/usr/bin/make -f &quot;/home/loic/OPENGL/Makefile&quot;  VERBOSE=1 &quot;$file&quot;" />
            <Clean command="/usr/bin/make -f &quot;/home/loic/OPENGL/Makefile&quot;  VERBOSE=1 clean" />
            <DistClean command="/usr/bin/make -f &quot;/home/loic/OPENGL/Makefile&quot;  VERBOSE=1 clean" />
         </MakeCommands>
      </Target>
      <Target title="visu">
         <Option output="/home/loic/OPENGL/executables/visu" prefix_auto="0" extension_auto="0" />
         <Option working_dir="executables/" />
         <Option object_output="./" />
         <Option type="1" />
         <Option compiler="gcc" />
         <Compiler>
            <Add directory="/home/loic/OPENGL/sources" />
            <Add directory="/usr/include/libdrm" />
            <Add directory="/usr/local/include" />
         </Compiler>
         <MakeCommands>
            <Build command="/usr/bin/make -f &quot;/home/loic/OPENGL/Makefile&quot;  VERBOSE=1 visu" />
            <CompileFile command="/usr/bin/make -f &quot;/home/loic/OPENGL/Makefile&quot;  VERBOSE=1 &quot;$file&quot;" />
            <Clean command="/usr/bin/make -f &quot;/home/loic/OPENGL/Makefile&quot;  VERBOSE=1 clean" />
            <DistClean command="/usr/bin/make -f &quot;/home/loic/OPENGL/Makefile&quot;  VERBOSE=1 clean" />
         </MakeCommands>
      </Target>
      <Target title="visu/fast">
         <Option output="/home/loic/OPENGL/executables/visu" prefix_auto="0" extension_auto="0" />
         <Option working_dir="executables/" />
         <Option object_output="./" />
         <Option type="1" />
         <Option compiler="gcc" />
         <Compiler>
            <Add directory="/home/loic/OPENGL/sources" />
            <Add directory="/usr/include/libdrm" />
            <Add directory="/usr/local/include" />
         </Compiler>
         <MakeCommands>
            <Build command="/usr/bin/make -f &quot;/home/loic/OPENGL/Makefile&quot;  VERBOSE=1 visu/fast" />
            <CompileFile command="/usr/bin/make -f &quot;/home/loic/OPENGL/Makefile&quot;  VERBOSE=1 &quot;$file&quot;" />
            <Clean command="/usr/bin/make -f &quot;/home/loic/OPENGL/Makefile&quot;  VERBOSE=1 clean" />
            <DistClean command="/usr/bin/make -f &quot;/home/loic/OPENGL/Makefile&quot;  VERBOSE=1 clean" />
         </MakeCommands>
      </Target>
      </Build>
      <Unit filename="/home/loic/OPENGL/sources/context.cpp">
      </Unit>
      <Unit filename="/home/loic/OPENGL/sources/controls.cpp">
      </Unit>
      <Unit filename="/home/loic/OPENGL/sources/loader.cpp">
      </Unit>
      <Unit filename="/home/loic/OPENGL/sources/main.cpp">
      </Unit>
      <Unit filename="/home/loic/OPENGL/sources/shader.cpp">
      </Unit>
      <Unit filename="/home/loic/OPENGL/sources/texture.cpp">
      </Unit>
      <Unit filename="/home/loic/OPENGL/sources/#controls.cpp#">
      </Unit>
      <Unit filename="/home/loic/OPENGL/sources/#shader.h#">
      </Unit>
      <Unit filename="/home/loic/OPENGL/sources/context.h">
      </Unit>
      <Unit filename="/home/loic/OPENGL/sources/controls.h">
      </Unit>
      <Unit filename="/home/loic/OPENGL/sources/globals.h">
      </Unit>
      <Unit filename="/home/loic/OPENGL/sources/loader.h">
      </Unit>
      <Unit filename="/home/loic/OPENGL/sources/shader.h">
      </Unit>
      <Unit filename="/home/loic/OPENGL/sources/texture.h">
      </Unit>
      <Unit filename="/home/loic/OPENGL/CMakeLists.txt">
          <Option virtualFolder="CMake Files\" />
      </Unit>
   </Project>
</CodeBlocks_project_file>
